
Microsoft Visual Studio Solution File, Format Version 12.00
# Visual Studio Version 16
VisualStudioVersion = 16.0.29324.140
MinimumVisualStudioVersion = 10.0.40219.1
Project("{9A19103F-16F7-4668-BE54-9A1E7A4F7556}") = "Risersoft.Framework", "..\Framework\Mobile\Risersoft.Framework\Risersoft.Framework.csproj", "{237E15FD-F091-4CF2-B486-7260A6C2F08C}"
EndProject
Project("{FAE04EC0-301F-11D3-BF4B-00C04F79EFBC}") = "Risersoft.Framework.Android", "..\Common\Mobile\Risersoft.Framework.Android\Risersoft.Framework.Android.csproj", "{57297672-F1DE-45B2-A4AE-A89029D48ECB}"
EndProject
Project("{FAE04EC0-301F-11D3-BF4B-00C04F79EFBC}") = "Risersoft.Framework.iOS", "..\Common\Mobile\Risersoft.Framework.iOS\Risersoft.Framework.iOS.csproj", "{B522F981-A9BC-40FA-9B6F-840711872D34}"
EndProject
Project("{9A19103F-16F7-4668-BE54-9A1E7A4F7556}") = "risersoft.shared.portable", "..\Framework\Shared\risersoft.shared.portable\risersoft.shared.portable.csproj", "{A55B7DDC-45CE-4218-93A3-5BA124A0191F}"
EndProject
Project("{9A19103F-16F7-4668-BE54-9A1E7A4F7556}") = "risersoft.shared.htmlui", "..\Framework\Shared\risersoft.shared.htmlui\risersoft.shared.htmlui.csproj", "{B7B420E6-2700-4C0D-A748-CD7705A4C592}"
EndProject
Project("{778DAE3C-4631-46EA-AA77-85C1314464D9}") = "risersoft.shared", "..\Framework\Shared\risersoft.shared\risersoft.shared.vbproj", "{24F7EF77-B762-40AA-97C3-D1BE8FD71B32}"
EndProject
Project("{9A19103F-16F7-4668-BE54-9A1E7A4F7556}") = "Risersoft.Framework.UI", "..\Common\Mobile\Risersoft.Framework.UI\Risersoft.Framework.UI.csproj", "{D2589D41-27D6-42FE-8839-CDAD30E976DF}"
EndProject
Project("{FAE04EC0-301F-11D3-BF4B-00C04F79EFBC}") = "PrjNirvana.Android", "Xamarin\PrjNirvana.Android\PrjNirvana.Android.csproj", "{4CF29BD0-88D6-4A6E-A6A9-C0E7294940DA}"
EndProject
Project("{FAE04EC0-301F-11D3-BF4B-00C04F79EFBC}") = "PrjNirvana.iOS", "Xamarin\PrjNirvana.iOS\PrjNirvana.iOS.csproj", "{134EED07-3900-4B71-A2DA-EA0A24CAF8E2}"
EndProject
Project("{9A19103F-16F7-4668-BE54-9A1E7A4F7556}") = "PrjNirvana.XF", "Xamarin\PrjNirvana.XF\PrjNirvana.XF.csproj", "{3F8A9E7B-9322-40DD-AEBD-EDE50A55E179}"
EndProject
Global
	GlobalSection(SolutionConfigurationPlatforms) = preSolution
		Ad-Hoc|Any CPU = Ad-Hoc|Any CPU
		Ad-Hoc|iPhone = Ad-Hoc|iPhone
		Ad-Hoc|iPhoneSimulator = Ad-Hoc|iPhoneSimulator
		AppStore|Any CPU = AppStore|Any CPU
		AppStore|iPhone = AppStore|iPhone
		AppStore|iPhoneSimulator = AppStore|iPhoneSimulator
		Debug|Any CPU = Debug|Any CPU
		Debug|iPhone = Debug|iPhone
		Debug|iPhoneSimulator = Debug|iPhoneSimulator
		Release|Any CPU = Release|Any CPU
		Release|iPhone = Release|iPhone
		Release|iPhoneSimulator = Release|iPhoneSimulator
	EndGlobalSection
	GlobalSection(ProjectConfigurationPlatforms) = postSolution
		{237E15FD-F091-4CF2-B486-7260A6C2F08C}.Ad-Hoc|Any CPU.ActiveCfg = Debug|Any CPU
		{237E15FD-F091-4CF2-B486-7260A6C2F08C}.Ad-Hoc|Any CPU.Build.0 = Debug|Any CPU
		{237E15FD-F091-4CF2-B486-7260A6C2F08C}.Ad-Hoc|iPhone.ActiveCfg = Debug|Any CPU
		{237E15FD-F091-4CF2-B486-7260A6C2F08C}.Ad-Hoc|iPhone.Build.0 = Debug|Any CPU
		{237E15FD-F091-4CF2-B486-7260A6C2F08C}.Ad-Hoc|iPhoneSimulator.ActiveCfg = Debug|Any CPU
		{237E15FD-F091-4CF2-B486-7260A6C2F08C}.Ad-Hoc|iPhoneSimulator.Build.0 = Debug|Any CPU
		{237E15FD-F091-4CF2-B486-7260A6C2F08C}.AppStore|Any CPU.ActiveCfg = Debug|Any CPU
		{237E15FD-F091-4CF2-B486-7260A6C2F08C}.AppStore|Any CPU.Build.0 = Debug|Any CPU
		{237E15FD-F091-4CF2-B486-7260A6C2F08C}.AppStore|iPhone.ActiveCfg = Debug|Any CPU
		{237E15FD-F091-4CF2-B486-7260A6C2F08C}.AppStore|iPhone.Build.0 = Debug|Any CPU
		{237E15FD-F091-4CF2-B486-7260A6C2F08C}.AppStore|iPhoneSimulator.ActiveCfg = Debug|Any CPU
		{237E15FD-F091-4CF2-B486-7260A6C2F08C}.AppStore|iPhoneSimulator.Build.0 = Debug|Any CPU
		{237E15FD-F091-4CF2-B486-7260A6C2F08C}.Debug|Any CPU.ActiveCfg = Debug|Any CPU
		{237E15FD-F091-4CF2-B486-7260A6C2F08C}.Debug|Any CPU.Build.0 = Debug|Any CPU
		{237E15FD-F091-4CF2-B486-7260A6C2F08C}.Debug|iPhone.ActiveCfg = Debug|Any CPU
		{237E15FD-F091-4CF2-B486-7260A6C2F08C}.Debug|iPhone.Build.0 = Debug|Any CPU
		{237E15FD-F091-4CF2-B486-7260A6C2F08C}.Debug|iPhoneSimulator.ActiveCfg = Debug|Any CPU
		{237E15FD-F091-4CF2-B486-7260A6C2F08C}.Debug|iPhoneSimulator.Build.0 = Debug|Any CPU
		{237E15FD-F091-4CF2-B486-7260A6C2F08C}.Release|Any CPU.ActiveCfg = Release|Any CPU
		{237E15FD-F091-4CF2-B486-7260A6C2F08C}.Release|Any CPU.Build.0 = Release|Any CPU
		{237E15FD-F091-4CF2-B486-7260A6C2F08C}.Release|iPhone.ActiveCfg = Release|Any CPU
		{237E15FD-F091-4CF2-B486-7260A6C2F08C}.Release|iPhone.Build.0 = Release|Any CPU
		{237E15FD-F091-4CF2-B486-7260A6C2F08C}.Release|iPhoneSimulator.ActiveCfg = Release|Any CPU
		{237E15FD-F091-4CF2-B486-7260A6C2F08C}.Release|iPhoneSimulator.Build.0 = Release|Any CPU
		{57297672-F1DE-45B2-A4AE-A89029D48ECB}.Ad-Hoc|Any CPU.ActiveCfg = Release|Any CPU
		{57297672-F1DE-45B2-A4AE-A89029D48ECB}.Ad-Hoc|Any CPU.Build.0 = Release|Any CPU
		{57297672-F1DE-45B2-A4AE-A89029D48ECB}.Ad-Hoc|iPhone.ActiveCfg = Release|Any CPU
		{57297672-F1DE-45B2-A4AE-A89029D48ECB}.Ad-Hoc|iPhone.Build.0 = Release|Any CPU
		{57297672-F1DE-45B2-A4AE-A89029D48ECB}.Ad-Hoc|iPhoneSimulator.ActiveCfg = Release|Any CPU
		{57297672-F1DE-45B2-A4AE-A89029D48ECB}.Ad-Hoc|iPhoneSimulator.Build.0 = Release|Any CPU
		{57297672-F1DE-45B2-A4AE-A89029D48ECB}.AppStore|Any CPU.ActiveCfg = Release|Any CPU
		{57297672-F1DE-45B2-A4AE-A89029D48ECB}.AppStore|Any CPU.Build.0 = Release|Any CPU
		{57297672-F1DE-45B2-A4AE-A89029D48ECB}.AppStore|iPhone.ActiveCfg = Release|Any CPU
		{57297672-F1DE-45B2-A4AE-A89029D48ECB}.AppStore|iPhone.Build.0 = Release|Any CPU
		{57297672-F1DE-45B2-A4AE-A89029D48ECB}.AppStore|iPhoneSimulator.ActiveCfg = Release|Any CPU
		{57297672-F1DE-45B2-A4AE-A89029D48ECB}.AppStore|iPhoneSimulator.Build.0 = Release|Any CPU
		{57297672-F1DE-45B2-A4AE-A89029D48ECB}.Debug|Any CPU.ActiveCfg = Debug2|Any CPU
		{57297672-F1DE-45B2-A4AE-A89029D48ECB}.Debug|Any CPU.Build.0 = Debug2|Any CPU
		{57297672-F1DE-45B2-A4AE-A89029D48ECB}.Debug|iPhone.ActiveCfg = Debug|Any CPU
		{57297672-F1DE-45B2-A4AE-A89029D48ECB}.Debug|iPhone.Build.0 = Debug|Any CPU
		{57297672-F1DE-45B2-A4AE-A89029D48ECB}.Debug|iPhoneSimulator.ActiveCfg = Debug|Any CPU
		{57297672-F1DE-45B2-A4AE-A89029D48ECB}.Debug|iPhoneSimulator.Build.0 = Debug|Any CPU
		{57297672-F1DE-45B2-A4AE-A89029D48ECB}.Release|Any CPU.ActiveCfg = Release|Any CPU
		{57297672-F1DE-45B2-A4AE-A89029D48ECB}.Release|Any CPU.Build.0 = Release|Any CPU
		{57297672-F1DE-45B2-A4AE-A89029D48ECB}.Release|iPhone.ActiveCfg = Release|Any CPU
		{57297672-F1DE-45B2-A4AE-A89029D48ECB}.Release|iPhone.Build.0 = Release|Any CPU
		{57297672-F1DE-45B2-A4AE-A89029D48ECB}.Release|iPhoneSimulator.ActiveCfg = Release|Any CPU
		{57297672-F1DE-45B2-A4AE-A89029D48ECB}.Release|iPhoneSimulator.Build.0 = Release|Any CPU
		{B522F981-A9BC-40FA-9B6F-840711872D34}.Ad-Hoc|Any CPU.ActiveCfg = Release|Any CPU
		{B522F981-A9BC-40FA-9B6F-840711872D34}.Ad-Hoc|Any CPU.Build.0 = Release|Any CPU
		{B522F981-A9BC-40FA-9B6F-840711872D34}.Ad-Hoc|iPhone.ActiveCfg = Release|Any CPU
		{B522F981-A9BC-40FA-9B6F-840711872D34}.Ad-Hoc|iPhone.Build.0 = Release|Any CPU
		{B522F981-A9BC-40FA-9B6F-840711872D34}.Ad-Hoc|iPhoneSimulator.ActiveCfg = Release|Any CPU
		{B522F981-A9BC-40FA-9B6F-840711872D34}.Ad-Hoc|iPhoneSimulator.Build.0 = Release|Any CPU
		{B522F981-A9BC-40FA-9B6F-840711872D34}.AppStore|Any CPU.ActiveCfg = Release|Any CPU
		{B522F981-A9BC-40FA-9B6F-840711872D34}.AppStore|Any CPU.Build.0 = Release|Any CPU
		{B522F981-A9BC-40FA-9B6F-840711872D34}.AppStore|iPhone.ActiveCfg = Release|Any CPU
		{B522F981-A9BC-40FA-9B6F-840711872D34}.AppStore|iPhone.Build.0 = Release|Any CPU
		{B522F981-A9BC-40FA-9B6F-840711872D34}.AppStore|iPhoneSimulator.ActiveCfg = Release|Any CPU
		{B522F981-A9BC-40FA-9B6F-840711872D34}.AppStore|iPhoneSimulator.Build.0 = Release|Any CPU
		{B522F981-A9BC-40FA-9B6F-840711872D34}.Debug|Any CPU.ActiveCfg = Debug2|Any CPU
		{B522F981-A9BC-40FA-9B6F-840711872D34}.Debug|Any CPU.Build.0 = Debug2|Any CPU
		{B522F981-A9BC-40FA-9B6F-840711872D34}.Debug|iPhone.ActiveCfg = Debug|Any CPU
		{B522F981-A9BC-40FA-9B6F-840711872D34}.Debug|iPhone.Build.0 = Debug|Any CPU
		{B522F981-A9BC-40FA-9B6F-840711872D34}.Debug|iPhoneSimulator.ActiveCfg = Debug|Any CPU
		{B522F981-A9BC-40FA-9B6F-840711872D34}.Debug|iPhoneSimulator.Build.0 = Debug|Any CPU
		{B522F981-A9BC-40FA-9B6F-840711872D34}.Release|Any CPU.ActiveCfg = Release|Any CPU
		{B522F981-A9BC-40FA-9B6F-840711872D34}.Release|Any CPU.Build.0 = Release|Any CPU
		{B522F981-A9BC-40FA-9B6F-840711872D34}.Release|iPhone.ActiveCfg = Release|Any CPU
		{B522F981-A9BC-40FA-9B6F-840711872D34}.Release|iPhone.Build.0 = Release|Any CPU
		{B522F981-A9BC-40FA-9B6F-840711872D34}.Release|iPhoneSimulator.ActiveCfg = Release|Any CPU
		{B522F981-A9BC-40FA-9B6F-840711872D34}.Release|iPhoneSimulator.Build.0 = Release|Any CPU
		{A55B7DDC-45CE-4218-93A3-5BA124A0191F}.Ad-Hoc|Any CPU.ActiveCfg = Debug|Any CPU
		{A55B7DDC-45CE-4218-93A3-5BA124A0191F}.Ad-Hoc|Any CPU.Build.0 = Debug|Any CPU
		{A55B7DDC-45CE-4218-93A3-5BA124A0191F}.Ad-Hoc|iPhone.ActiveCfg = Debug|Any CPU
		{A55B7DDC-45CE-4218-93A3-5BA124A0191F}.Ad-Hoc|iPhone.Build.0 = Debug|Any CPU
		{A55B7DDC-45CE-4218-93A3-5BA124A0191F}.Ad-Hoc|iPhoneSimulator.ActiveCfg = Debug|Any CPU
		{A55B7DDC-45CE-4218-93A3-5BA124A0191F}.Ad-Hoc|iPhoneSimulator.Build.0 = Debug|Any CPU
		{A55B7DDC-45CE-4218-93A3-5BA124A0191F}.AppStore|Any CPU.ActiveCfg = Debug|Any CPU
		{A55B7DDC-45CE-4218-93A3-5BA124A0191F}.AppStore|Any CPU.Build.0 = Debug|Any CPU
		{A55B7DDC-45CE-4218-93A3-5BA124A0191F}.AppStore|iPhone.ActiveCfg = Debug|Any CPU
		{A55B7DDC-45CE-4218-93A3-5BA124A0191F}.AppStore|iPhone.Build.0 = Debug|Any CPU
		{A55B7DDC-45CE-4218-93A3-5BA124A0191F}.AppStore|iPhoneSimulator.ActiveCfg = Debug|Any CPU
		{A55B7DDC-45CE-4218-93A3-5BA124A0191F}.AppStore|iPhoneSimulator.Build.0 = Debug|Any CPU
		{A55B7DDC-45CE-4218-93A3-5BA124A0191F}.Debug|Any CPU.ActiveCfg = Debug|Any CPU
		{A55B7DDC-45CE-4218-93A3-5BA124A0191F}.Debug|Any CPU.Build.0 = Debug|Any CPU
		{A55B7DDC-45CE-4218-93A3-5BA124A0191F}.Debug|iPhone.ActiveCfg = Debug|Any CPU
		{A55B7DDC-45CE-4218-93A3-5BA124A0191F}.Debug|iPhone.Build.0 = Debug|Any CPU
		{A55B7DDC-45CE-4218-93A3-5BA124A0191F}.Debug|iPhoneSimulator.ActiveCfg = Debug|Any CPU
		{A55B7DDC-45CE-4218-93A3-5BA124A0191F}.Debug|iPhoneSimulator.Build.0 = Debug|Any CPU
		{A55B7DDC-45CE-4218-93A3-5BA124A0191F}.Release|Any CPU.ActiveCfg = Release|Any CPU
		{A55B7DDC-45CE-4218-93A3-5BA124A0191F}.Release|Any CPU.Build.0 = Release|Any CPU
		{A55B7DDC-45CE-4218-93A3-5BA124A0191F}.Release|iPhone.ActiveCfg = Release|Any CPU
		{A55B7DDC-45CE-4218-93A3-5BA124A0191F}.Release|iPhone.Build.0 = Release|Any CPU
		{A55B7DDC-45CE-4218-93A3-5BA124A0191F}.Release|iPhoneSimulator.ActiveCfg = Release|Any CPU
		{A55B7DDC-45CE-4218-93A3-5BA124A0191F}.Release|iPhoneSimulator.Build.0 = Release|Any CPU
		{B7B420E6-2700-4C0D-A748-CD7705A4C592}.Ad-Hoc|Any CPU.ActiveCfg = Debug|Any CPU
		{B7B420E6-2700-4C0D-A748-CD7705A4C592}.Ad-Hoc|Any CPU.Build.0 = Debug|Any CPU
		{B7B420E6-2700-4C0D-A748-CD7705A4C592}.Ad-Hoc|iPhone.ActiveCfg = Debug|Any CPU
		{B7B420E6-2700-4C0D-A748-CD7705A4C592}.Ad-Hoc|iPhone.Build.0 = Debug|Any CPU
		{B7B420E6-2700-4C0D-A748-CD7705A4C592}.Ad-Hoc|iPhoneSimulator.ActiveCfg = Debug|Any CPU
		{B7B420E6-2700-4C0D-A748-CD7705A4C592}.Ad-Hoc|iPhoneSimulator.Build.0 = Debug|Any CPU
		{B7B420E6-2700-4C0D-A748-CD7705A4C592}.AppStore|Any CPU.ActiveCfg = Debug|Any CPU
		{B7B420E6-2700-4C0D-A748-CD7705A4C592}.AppStore|Any CPU.Build.0 = Debug|Any CPU
		{B7B420E6-2700-4C0D-A748-CD7705A4C592}.AppStore|iPhone.ActiveCfg = Debug|Any CPU
		{B7B420E6-2700-4C0D-A748-CD7705A4C592}.AppStore|iPhone.Build.0 = Debug|Any CPU
		{B7B420E6-2700-4C0D-A748-CD7705A4C592}.AppStore|iPhoneSimulator.ActiveCfg = Debug|Any CPU
		{B7B420E6-2700-4C0D-A748-CD7705A4C592}.AppStore|iPhoneSimulator.Build.0 = Debug|Any CPU
		{B7B420E6-2700-4C0D-A748-CD7705A4C592}.Debug|Any CPU.ActiveCfg = Debug|Any CPU
		{B7B420E6-2700-4C0D-A748-CD7705A4C592}.Debug|Any CPU.Build.0 = Debug|Any CPU
		{B7B420E6-2700-4C0D-A748-CD7705A4C592}.Debug|iPhone.ActiveCfg = Debug|Any CPU
		{B7B420E6-2700-4C0D-A748-CD7705A4C592}.Debug|iPhone.Build.0 = Debug|Any CPU
		{B7B420E6-2700-4C0D-A748-CD7705A4C592}.Debug|iPhoneSimulator.ActiveCfg = Debug|Any CPU
		{B7B420E6-2700-4C0D-A748-CD7705A4C592}.Debug|iPhoneSimulator.Build.0 = Debug|Any CPU
		{B7B420E6-2700-4C0D-A748-CD7705A4C592}.Release|Any CPU.ActiveCfg = Release|Any CPU
		{B7B420E6-2700-4C0D-A748-CD7705A4C592}.Release|Any CPU.Build.0 = Release|Any CPU
		{B7B420E6-2700-4C0D-A748-CD7705A4C592}.Release|iPhone.ActiveCfg = Release|Any CPU
		{B7B420E6-2700-4C0D-A748-CD7705A4C592}.Release|iPhone.Build.0 = Release|Any CPU
		{B7B420E6-2700-4C0D-A748-CD7705A4C592}.Release|iPhoneSimulator.ActiveCfg = Release|Any CPU
		{B7B420E6-2700-4C0D-A748-CD7705A4C592}.Release|iPhoneSimulator.Build.0 = Release|Any CPU
		{24F7EF77-B762-40AA-97C3-D1BE8FD71B32}.Ad-Hoc|Any CPU.ActiveCfg = Debug|Any CPU
		{24F7EF77-B762-40AA-97C3-D1BE8FD71B32}.Ad-Hoc|Any CPU.Build.0 = Debug|Any CPU
		{24F7EF77-B762-40AA-97C3-D1BE8FD71B32}.Ad-Hoc|iPhone.ActiveCfg = Debug|Any CPU
		{24F7EF77-B762-40AA-97C3-D1BE8FD71B32}.Ad-Hoc|iPhone.Build.0 = Debug|Any CPU
		{24F7EF77-B762-40AA-97C3-D1BE8FD71B32}.Ad-Hoc|iPhoneSimulator.ActiveCfg = Debug|Any CPU
		{24F7EF77-B762-40AA-97C3-D1BE8FD71B32}.Ad-Hoc|iPhoneSimulator.Build.0 = Debug|Any CPU
		{24F7EF77-B762-40AA-97C3-D1BE8FD71B32}.AppStore|Any CPU.ActiveCfg = Debug|Any CPU
		{24F7EF77-B762-40AA-97C3-D1BE8FD71B32}.AppStore|Any CPU.Build.0 = Debug|Any CPU
		{24F7EF77-B762-40AA-97C3-D1BE8FD71B32}.AppStore|iPhone.ActiveCfg = Debug|Any CPU
		{24F7EF77-B762-40AA-97C3-D1BE8FD71B32}.AppStore|iPhone.Build.0 = Debug|Any CPU
		{24F7EF77-B762-40AA-97C3-D1BE8FD71B32}.AppStore|iPhoneSimulator.ActiveCfg = Debug|Any CPU
		{24F7EF77-B762-40AA-97C3-D1BE8FD71B32}.AppStore|iPhoneSimulator.Build.0 = Debug|Any CPU
		{24F7EF77-B762-40AA-97C3-D1BE8FD71B32}.Debug|Any CPU.ActiveCfg = Debug|Any CPU
		{24F7EF77-B762-40AA-97C3-D1BE8FD71B32}.Debug|Any CPU.Build.0 = Debug|Any CPU
		{24F7EF77-B762-40AA-97C3-D1BE8FD71B32}.Debug|iPhone.ActiveCfg = Debug|Any CPU
		{24F7EF77-B762-40AA-97C3-D1BE8FD71B32}.Debug|iPhone.Build.0 = Debug|Any CPU
		{24F7EF77-B762-40AA-97C3-D1BE8FD71B32}.Debug|iPhoneSimulator.ActiveCfg = Debug|Any CPU
		{24F7EF77-B762-40AA-97C3-D1BE8FD71B32}.Debug|iPhoneSimulator.Build.0 = Debug|Any CPU
		{24F7EF77-B762-40AA-97C3-D1BE8FD71B32}.Release|Any CPU.ActiveCfg = Release|Any CPU
		{24F7EF77-B762-40AA-97C3-D1BE8FD71B32}.Release|Any CPU.Build.0 = Release|Any CPU
		{24F7EF77-B762-40AA-97C3-D1BE8FD71B32}.Release|iPhone.ActiveCfg = Release|Any CPU
		{24F7EF77-B762-40AA-97C3-D1BE8FD71B32}.Release|iPhone.Build.0 = Release|Any CPU
		{24F7EF77-B762-40AA-97C3-D1BE8FD71B32}.Release|iPhoneSimulator.ActiveCfg = Release|Any CPU
		{24F7EF77-B762-40AA-97C3-D1BE8FD71B32}.Release|iPhoneSimulator.Build.0 = Release|Any CPU
		{D2589D41-27D6-42FE-8839-CDAD30E976DF}.Ad-Hoc|Any CPU.ActiveCfg = Debug2|Any CPU
		{D2589D41-27D6-42FE-8839-CDAD30E976DF}.Ad-Hoc|Any CPU.Build.0 = Debug2|Any CPU
		{D2589D41-27D6-42FE-8839-CDAD30E976DF}.Ad-Hoc|iPhone.ActiveCfg = Debug2|Any CPU
		{D2589D41-27D6-42FE-8839-CDAD30E976DF}.Ad-Hoc|iPhone.Build.0 = Debug2|Any CPU
		{D2589D41-27D6-42FE-8839-CDAD30E976DF}.Ad-Hoc|iPhoneSimulator.ActiveCfg = Debug2|Any CPU
		{D2589D41-27D6-42FE-8839-CDAD30E976DF}.Ad-Hoc|iPhoneSimulator.Build.0 = Debug2|Any CPU
		{D2589D41-27D6-42FE-8839-CDAD30E976DF}.AppStore|Any CPU.ActiveCfg = Debug2|Any CPU
		{D2589D41-27D6-42FE-8839-CDAD30E976DF}.AppStore|Any CPU.Build.0 = Debug2|Any CPU
		{D2589D41-27D6-42FE-8839-CDAD30E976DF}.AppStore|iPhone.ActiveCfg = Debug2|Any CPU
		{D2589D41-27D6-42FE-8839-CDAD30E976DF}.AppStore|iPhone.Build.0 = Debug2|Any CPU
		{D2589D41-27D6-42FE-8839-CDAD30E976DF}.AppStore|iPhoneSimulator.ActiveCfg = Debug2|Any CPU
		{D2589D41-27D6-42FE-8839-CDAD30E976DF}.AppStore|iPhoneSimulator.Build.0 = Debug2|Any CPU
		{D2589D41-27D6-42FE-8839-CDAD30E976DF}.Debug|Any CPU.ActiveCfg = Debug2|Any CPU
		{D2589D41-27D6-42FE-8839-CDAD30E976DF}.Debug|Any CPU.Build.0 = Debug2|Any CPU
		{D2589D41-27D6-42FE-8839-CDAD30E976DF}.Debug|iPhone.ActiveCfg = Debug|Any CPU
		{D2589D41-27D6-42FE-8839-CDAD30E976DF}.Debug|iPhone.Build.0 = Debug|Any CPU
		{D2589D41-27D6-42FE-8839-CDAD30E976DF}.Debug|iPhoneSimulator.ActiveCfg = Debug|Any CPU
		{D2589D41-27D6-42FE-8839-CDAD30E976DF}.Debug|iPhoneSimulator.Build.0 = Debug|Any CPU
		{D2589D41-27D6-42FE-8839-CDAD30E976DF}.Release|Any CPU.ActiveCfg = Release|Any CPU
		{D2589D41-27D6-42FE-8839-CDAD30E976DF}.Release|Any CPU.Build.0 = Release|Any CPU
		{D2589D41-27D6-42FE-8839-CDAD30E976DF}.Release|iPhone.ActiveCfg = Release|Any CPU
		{D2589D41-27D6-42FE-8839-CDAD30E976DF}.Release|iPhone.Build.0 = Release|Any CPU
		{D2589D41-27D6-42FE-8839-CDAD30E976DF}.Release|iPhoneSimulator.ActiveCfg = Release|Any CPU
		{D2589D41-27D6-42FE-8839-CDAD30E976DF}.Release|iPhoneSimulator.Build.0 = Release|Any CPU
		{4CF29BD0-88D6-4A6E-A6A9-C0E7294940DA}.Ad-Hoc|Any CPU.ActiveCfg = Debug2|Any CPU
		{4CF29BD0-88D6-4A6E-A6A9-C0E7294940DA}.Ad-Hoc|Any CPU.Build.0 = Debug2|Any CPU
		{4CF29BD0-88D6-4A6E-A6A9-C0E7294940DA}.Ad-Hoc|Any CPU.Deploy.0 = Debug2|Any CPU
		{4CF29BD0-88D6-4A6E-A6A9-C0E7294940DA}.Ad-Hoc|iPhone.ActiveCfg = Debug2|Any CPU
		{4CF29BD0-88D6-4A6E-A6A9-C0E7294940DA}.Ad-Hoc|iPhone.Build.0 = Debug2|Any CPU
		{4CF29BD0-88D6-4A6E-A6A9-C0E7294940DA}.Ad-Hoc|iPhone.Deploy.0 = Debug2|Any CPU
		{4CF29BD0-88D6-4A6E-A6A9-C0E7294940DA}.Ad-Hoc|iPhoneSimulator.ActiveCfg = Debug2|Any CPU
		{4CF29BD0-88D6-4A6E-A6A9-C0E7294940DA}.Ad-Hoc|iPhoneSimulator.Build.0 = Debug2|Any CPU
		{4CF29BD0-88D6-4A6E-A6A9-C0E7294940DA}.Ad-Hoc|iPhoneSimulator.Deploy.0 = Debug2|Any CPU
		{4CF29BD0-88D6-4A6E-A6A9-C0E7294940DA}.AppStore|Any CPU.ActiveCfg = Debug2|Any CPU
		{4CF29BD0-88D6-4A6E-A6A9-C0E7294940DA}.AppStore|Any CPU.Build.0 = Debug2|Any CPU
		{4CF29BD0-88D6-4A6E-A6A9-C0E7294940DA}.AppStore|Any CPU.Deploy.0 = Debug2|Any CPU
		{4CF29BD0-88D6-4A6E-A6A9-C0E7294940DA}.AppStore|iPhone.ActiveCfg = Debug2|Any CPU
		{4CF29BD0-88D6-4A6E-A6A9-C0E7294940DA}.AppStore|iPhone.Build.0 = Debug2|Any CPU
		{4CF29BD0-88D6-4A6E-A6A9-C0E7294940DA}.AppStore|iPhone.Deploy.0 = Debug2|Any CPU
		{4CF29BD0-88D6-4A6E-A6A9-C0E7294940DA}.AppStore|iPhoneSimulator.ActiveCfg = Debug2|Any CPU
		{4CF29BD0-88D6-4A6E-A6A9-C0E7294940DA}.AppStore|iPhoneSimulator.Build.0 = Debug2|Any CPU
		{4CF29BD0-88D6-4A6E-A6A9-C0E7294940DA}.AppStore|iPhoneSimulator.Deploy.0 = Debug2|Any CPU
		{4CF29BD0-88D6-4A6E-A6A9-C0E7294940DA}.Debug|Any CPU.ActiveCfg = Debug2|Any CPU
		{4CF29BD0-88D6-4A6E-A6A9-C0E7294940DA}.Debug|Any CPU.Build.0 = Debug2|Any CPU
		{4CF29BD0-88D6-4A6E-A6A9-C0E7294940DA}.Debug|Any CPU.Deploy.0 = Debug2|Any CPU
		{4CF29BD0-88D6-4A6E-A6A9-C0E7294940DA}.Debug|iPhone.ActiveCfg = Debug|Any CPU
		{4CF29BD0-88D6-4A6E-A6A9-C0E7294940DA}.Debug|iPhone.Build.0 = Debug|Any CPU
		{4CF29BD0-88D6-4A6E-A6A9-C0E7294940DA}.Debug|iPhone.Deploy.0 = Debug|Any CPU
		{4CF29BD0-88D6-4A6E-A6A9-C0E7294940DA}.Debug|iPhoneSimulator.ActiveCfg = Debug|Any CPU
		{4CF29BD0-88D6-4A6E-A6A9-C0E7294940DA}.Debug|iPhoneSimulator.Build.0 = Debug|Any CPU
		{4CF29BD0-88D6-4A6E-A6A9-C0E7294940DA}.Debug|iPhoneSimulator.Deploy.0 = Debug|Any CPU
		{4CF29BD0-88D6-4A6E-A6A9-C0E7294940DA}.Release|Any CPU.ActiveCfg = Release|Any CPU
		{4CF29BD0-88D6-4A6E-A6A9-C0E7294940DA}.Release|Any CPU.Build.0 = Release|Any CPU
		{4CF29BD0-88D6-4A6E-A6A9-C0E7294940DA}.Release|Any CPU.Deploy.0 = Release|Any CPU
		{4CF29BD0-88D6-4A6E-A6A9-C0E7294940DA}.Release|iPhone.ActiveCfg = Release|Any CPU
		{4CF29BD0-88D6-4A6E-A6A9-C0E7294940DA}.Release|iPhone.Build.0 = Release|Any CPU
		{4CF29BD0-88D6-4A6E-A6A9-C0E7294940DA}.Release|iPhone.Deploy.0 = Release|Any CPU
		{4CF29BD0-88D6-4A6E-A6A9-C0E7294940DA}.Release|iPhoneSimulator.ActiveCfg = Release|Any CPU
		{4CF29BD0-88D6-4A6E-A6A9-C0E7294940DA}.Release|iPhoneSimulator.Build.0 = Release|Any CPU
		{4CF29BD0-88D6-4A6E-A6A9-C0E7294940DA}.Release|iPhoneSimulator.Deploy.0 = Release|Any CPU
		{134EED07-3900-4B71-A2DA-EA0A24CAF8E2}.Ad-Hoc|Any CPU.ActiveCfg = Debug2|iPhoneSimulator
		{134EED07-3900-4B71-A2DA-EA0A24CAF8E2}.Ad-Hoc|Any CPU.Build.0 = Debug2|iPhoneSimulator
		{134EED07-3900-4B71-A2DA-EA0A24CAF8E2}.Ad-Hoc|Any CPU.Deploy.0 = Debug2|iPhoneSimulator
		{134EED07-3900-4B71-A2DA-EA0A24CAF8E2}.Ad-Hoc|iPhone.ActiveCfg = Release|iPhone
		{134EED07-3900-4B71-A2DA-EA0A24CAF8E2}.Ad-Hoc|iPhone.Build.0 = Release|iPhone
		{134EED07-3900-4B71-A2DA-EA0A24CAF8E2}.Ad-Hoc|iPhone.Deploy.0 = Release|iPhone
		{134EED07-3900-4B71-A2DA-EA0A24CAF8E2}.Ad-Hoc|iPhoneSimulator.ActiveCfg = Debug2|iPhoneSimulator
		{134EED07-3900-4B71-A2DA-EA0A24CAF8E2}.Ad-Hoc|iPhoneSimulator.Build.0 = Debug2|iPhoneSimulator
		{134EED07-3900-4B71-A2DA-EA0A24CAF8E2}.Ad-Hoc|iPhoneSimulator.Deploy.0 = Debug2|iPhoneSimulator
		{134EED07-3900-4B71-A2DA-EA0A24CAF8E2}.AppStore|Any CPU.ActiveCfg = Debug2|iPhoneSimulator
		{134EED07-3900-4B71-A2DA-EA0A24CAF8E2}.AppStore|Any CPU.Build.0 = Debug2|iPhoneSimulator
		{134EED07-3900-4B71-A2DA-EA0A24CAF8E2}.AppStore|Any CPU.Deploy.0 = Debug2|iPhoneSimulator
		{134EED07-3900-4B71-A2DA-EA0A24CAF8E2}.AppStore|iPhone.ActiveCfg = Release|iPhone
		{134EED07-3900-4B71-A2DA-EA0A24CAF8E2}.AppStore|iPhone.Build.0 = Release|iPhone
		{134EED07-3900-4B71-A2DA-EA0A24CAF8E2}.AppStore|iPhone.Deploy.0 = Release|iPhone
		{134EED07-3900-4B71-A2DA-EA0A24CAF8E2}.AppStore|iPhoneSimulator.ActiveCfg = Debug2|iPhoneSimulator
		{134EED07-3900-4B71-A2DA-EA0A24CAF8E2}.AppStore|iPhoneSimulator.Build.0 = Debug2|iPhoneSimulator
		{134EED07-3900-4B71-A2DA-EA0A24CAF8E2}.AppStore|iPhoneSimulator.Deploy.0 = Debug2|iPhoneSimulator
		{134EED07-3900-4B71-A2DA-EA0A24CAF8E2}.Debug|Any CPU.ActiveCfg = Debug2|iPhone
		{134EED07-3900-4B71-A2DA-EA0A24CAF8E2}.Debug|iPhone.ActiveCfg = Debug|iPhone
		{134EED07-3900-4B71-A2DA-EA0A24CAF8E2}.Debug|iPhone.Build.0 = Debug|iPhone
		{134EED07-3900-4B71-A2DA-EA0A24CAF8E2}.Debug|iPhoneSimulator.ActiveCfg = Debug|iPhoneSimulator
		{134EED07-3900-4B71-A2DA-EA0A24CAF8E2}.Debug|iPhoneSimulator.Build.0 = Debug|iPhoneSimulator
		{134EED07-3900-4B71-A2DA-EA0A24CAF8E2}.Release|Any CPU.ActiveCfg = Release|iPhone
		{134EED07-3900-4B71-A2DA-EA0A24CAF8E2}.Release|iPhone.ActiveCfg = Release|iPhone
		{134EED07-3900-4B71-A2DA-EA0A24CAF8E2}.Release|iPhone.Build.0 = Release|iPhone
		{134EED07-3900-4B71-A2DA-EA0A24CAF8E2}.Release|iPhoneSimulator.ActiveCfg = Release|iPhoneSimulator
		{134EED07-3900-4B71-A2DA-EA0A24CAF8E2}.Release|iPhoneSimulator.Build.0 = Release|iPhoneSimulator
		{3F8A9E7B-9322-40DD-AEBD-EDE50A55E179}.Ad-Hoc|Any CPU.ActiveCfg = Debug|Any CPU
		{3F8A9E7B-9322-40DD-AEBD-EDE50A55E179}.Ad-Hoc|Any CPU.Build.0 = Debug|Any CPU
		{3F8A9E7B-9322-40DD-AEBD-EDE50A55E179}.Ad-Hoc|Any CPU.Deploy.0 = Debug|Any CPU
		{3F8A9E7B-9322-40DD-AEBD-EDE50A55E179}.Ad-Hoc|iPhone.ActiveCfg = Debug|Any CPU
		{3F8A9E7B-9322-40DD-AEBD-EDE50A55E179}.Ad-Hoc|iPhone.Build.0 = Debug|Any CPU
		{3F8A9E7B-9322-40DD-AEBD-EDE50A55E179}.Ad-Hoc|iPhone.Deploy.0 = Debug|Any CPU
		{3F8A9E7B-9322-40DD-AEBD-EDE50A55E179}.Ad-Hoc|iPhoneSimulator.ActiveCfg = Debug|Any CPU
		{3F8A9E7B-9322-40DD-AEBD-EDE50A55E179}.Ad-Hoc|iPhoneSimulator.Build.0 = Debug|Any CPU
		{3F8A9E7B-9322-40DD-AEBD-EDE50A55E179}.Ad-Hoc|iPhoneSimulator.Deploy.0 = Debug|Any CPU
		{3F8A9E7B-9322-40DD-AEBD-EDE50A55E179}.AppStore|Any CPU.ActiveCfg = Debug|Any CPU
		{3F8A9E7B-9322-40DD-AEBD-EDE50A55E179}.AppStore|Any CPU.Build.0 = Debug|Any CPU
		{3F8A9E7B-9322-40DD-AEBD-EDE50A55E179}.AppStore|Any CPU.Deploy.0 = Debug|Any CPU
		{3F8A9E7B-9322-40DD-AEBD-EDE50A55E179}.AppStore|iPhone.ActiveCfg = Debug|Any CPU
		{3F8A9E7B-9322-40DD-AEBD-EDE50A55E179}.AppStore|iPhone.Build.0 = Debug|Any CPU
		{3F8A9E7B-9322-40DD-AEBD-EDE50A55E179}.AppStore|iPhone.Deploy.0 = Debug|Any CPU
		{3F8A9E7B-9322-40DD-AEBD-EDE50A55E179}.AppStore|iPhoneSimulator.ActiveCfg = Debug|Any CPU
		{3F8A9E7B-9322-40DD-AEBD-EDE50A55E179}.AppStore|iPhoneSimulator.Build.0 = Debug|Any CPU
		{3F8A9E7B-9322-40DD-AEBD-EDE50A55E179}.AppStore|iPhoneSimulator.Deploy.0 = Debug|Any CPU
		{3F8A9E7B-9322-40DD-AEBD-EDE50A55E179}.Debug|Any CPU.ActiveCfg = Debug2|Any CPU
		{3F8A9E7B-9322-40DD-AEBD-EDE50A55E179}.Debug|Any CPU.Build.0 = Debug2|Any CPU
		{3F8A9E7B-9322-40DD-AEBD-EDE50A55E179}.Debug|Any CPU.Deploy.0 = Debug2|Any CPU
		{3F8A9E7B-9322-40DD-AEBD-EDE50A55E179}.Debug|iPhone.ActiveCfg = Debug|Any CPU
		{3F8A9E7B-9322-40DD-AEBD-EDE50A55E179}.Debug|iPhone.Build.0 = Debug|Any CPU
		{3F8A9E7B-9322-40DD-AEBD-EDE50A55E179}.Debug|iPhone.Deploy.0 = Debug|Any CPU
		{3F8A9E7B-9322-40DD-AEBD-EDE50A55E179}.Debug|iPhoneSimulator.ActiveCfg = Debug|Any CPU
		{3F8A9E7B-9322-40DD-AEBD-EDE50A55E179}.Debug|iPhoneSimulator.Build.0 = Debug|Any CPU
		{3F8A9E7B-9322-40DD-AEBD-EDE50A55E179}.Debug|iPhoneSimulator.Deploy.0 = Debug|Any CPU
		{3F8A9E7B-9322-40DD-AEBD-EDE50A55E179}.Release|Any CPU.ActiveCfg = Release|Any CPU
		{3F8A9E7B-9322-40DD-AEBD-EDE50A55E179}.Release|Any CPU.Build.0 = Release|Any CPU
		{3F8A9E7B-9322-40DD-AEBD-EDE50A55E179}.Release|Any CPU.Deploy.0 = Release|Any CPU
		{3F8A9E7B-9322-40DD-AEBD-EDE50A55E179}.Release|iPhone.ActiveCfg = Release|Any CPU
		{3F8A9E7B-9322-40DD-AEBD-EDE50A55E179}.Release|iPhone.Build.0 = Release|Any CPU
		{3F8A9E7B-9322-40DD-AEBD-EDE50A55E179}.Release|iPhone.Deploy.0 = Release|Any CPU
		{3F8A9E7B-9322-40DD-AEBD-EDE50A55E179}.Release|iPhoneSimulator.ActiveCfg = Release|Any CPU
		{3F8A9E7B-9322-40DD-AEBD-EDE50A55E179}.Release|iPhoneSimulator.Build.0 = Release|Any CPU
		{3F8A9E7B-9322-40DD-AEBD-EDE50A55E179}.Release|iPhoneSimulator.Deploy.0 = Release|Any CPU
	EndGlobalSection
	GlobalSection(SolutionProperties) = preSolution
		HideSolutionNode = FALSE
	EndGlobalSection
	GlobalSection(ExtensibilityGlobals) = postSolution
		SolutionGuid = {6313362F-353C-4547-8112-4D09F1A8E5D8}
	EndGlobalSection
	GlobalSection(TeamFoundationVersionControl) = preSolution
		SccNumberOfProjects = 9
		SccEnterpriseProvider = {4CA58AB2-18FA-4F8D-95D4-32DDF27D184C}
		SccTeamFoundationServer = https://rsds.visualstudio.com/
		SccLocalPath0 = .
		SccProjectUniqueName1 = ..\\Framework\\Mobile\\Risersoft.Framework\\Risersoft.Framework.csproj
		SccProjectName1 = ../Framework/Mobile/Risersoft.Framework
		SccLocalPath1 = ..\\Framework\\Mobile\\Risersoft.Framework
		SccProjectUniqueName2 = Xamarin\\PrjNirvana.Android\\PrjNirvana.Android.csproj
		SccProjectName2 = Xamarin/PrjNirvana.Android
		SccLocalPath2 = Xamarin\\PrjNirvana.Android
		SccProjectUniqueName3 = Xamarin\\PrjNirvana.iOS\\PrjNirvana.iOS.csproj
		SccProjectName3 = Xamarin/PrjNirvana.iOS
		SccLocalPath3 = Xamarin\\PrjNirvana.iOS
		SccProjectUniqueName4 = Xamarin\\PrjNirvana.XF\\PrjNirvana.XF.csproj
		SccProjectName4 = Xamarin/PrjNirvana.XF
		SccLocalPath4 = Xamarin\\PrjNirvana.XF
		SccProjectUniqueName5 = ..\\Framework\\Shared\\risersoft.shared.portable\\risersoft.shared.portable.csproj
		SccProjectName5 = ../Framework/Shared/risersoft.shared.portable
		SccLocalPath5 = ..\\Framework\\Shared\\risersoft.shared.portable
		SccProjectUniqueName6 = ..\\Framework\\Shared\\risersoft.shared.htmlui\\risersoft.shared.htmlui.csproj
		SccProjectName6 = ../Framework/shared/risersoft.shared.htmlui
		SccLocalPath6 = ..\\Framework\\Shared\\risersoft.shared.htmlui
		SccProjectUniqueName7 = ..\\Framework\\Shared\\risersoft.shared\\risersoft.shared.vbproj
		SccProjectName7 = ../Framework/Shared/risersoft.shared
		SccLocalPath7 = ..\\Framework\\Shared\\risersoft.shared
		SccProjectUniqueName8 = ..\\Common\\Mobile\\Risersoft.Framework.UI\\Risersoft.Framework.UI.csproj
		SccProjectName8 = ../Common/Mobile/Risersoft.Framework.UI
		SccLocalPath8 = ..\\Common\\Mobile\\Risersoft.Framework.UI
	EndGlobalSection
EndGlobal
