
Microsoft Visual Studio Solution File, Format Version 12.00
# Visual Studio 15
VisualStudioVersion = 15.0.27703.2035
MinimumVisualStudioVersion = 10.0.40219.1
Project("{F184B08F-C81C-45F6-A57F-5ABD9991F28F}") = "risersoft.app.inventory", "..\Books\Windows\risersoft.app.inventory\risersoft.app.inventory.vbproj", "{FBA4C657-8ABE-4FCD-88F0-F887364E852E}"
EndProject
Project("{F184B08F-C81C-45F6-A57F-5ABD9991F28F}") = "risersoft.app.purchase", "..\Books\Windows\risersoft.app.purchase\risersoft.app.purchase.vbproj", "{E7406EB0-09EC-43DE-B821-826DA4D6DE9F}"
EndProject
Project("{F184B08F-C81C-45F6-A57F-5ABD9991F28F}") = "risersoft.app.transport", "..\Books\Windows\risersoft.app.transport\risersoft.app.transport.vbproj", "{EAD0F160-E15E-49EA-BCF3-CB59398D4010}"
	ProjectSection(ProjectDependencies) = postProject
		{FBA4C657-8ABE-4FCD-88F0-F887364E852E} = {FBA4C657-8ABE-4FCD-88F0-F887364E852E}
	EndProjectSection
EndProject
Project("{F184B08F-C81C-45F6-A57F-5ABD9991F28F}") = "_RSProjectsNirvana", "Windows\risersoft.exe.projects\_RSProjectsNirvana.vbproj", "{739A0A10-1826-41BA-B66B-3F57E246E9E0}"
EndProject
Project("{F184B08F-C81C-45F6-A57F-5ABD9991F28F}") = "risersoft.app.config", "..\Common\Windows\risersoft.app.config\risersoft.app.config.vbproj", "{6E72E896-AFCE-497C-95ED-676F43B862F1}"
EndProject
Project("{F184B08F-C81C-45F6-A57F-5ABD9991F28F}") = "risersoft.app.mxform", "..\Common\Forms\risersoft.app.mxform\risersoft.app.mxform.vbproj", "{0E5882D2-22B1-4716-99DF-680A77AE3E19}"
EndProject
Project("{F184B08F-C81C-45F6-A57F-5ABD9991F28F}") = "risersoft.app.reports.erp", "..\Common\Reports\risersoft.app.reports.erp\risersoft.app.reports.erp.vbproj", "{CAD33710-07BC-4C86-AF4C-3A24BA8AB6BA}"
EndProject
Project("{F184B08F-C81C-45F6-A57F-5ABD9991F28F}") = "risersoft.app.projects", "Windows\risersoft.app.projects\risersoft.app.projects.vbproj", "{699E2DCC-39A9-43A7-9C6D-D4F5C699EDDD}"
EndProject
Project("{FAE04EC0-301F-11D3-BF4B-00C04F79EFBC}") = "risersoft.shared.web.mvc", "..\Common\Web\risersoft.shared.web.mvc\risersoft.shared.web.mvc.csproj", "{E0CC17DC-880D-47B0-B8F5-1C981F76C662}"
EndProject
Project("{F184B08F-C81C-45F6-A57F-5ABD9991F28F}") = "risersoft.app.mxform.prj", "Framework\risersoft.app.mxform.prj\risersoft.app.mxform.prj.vbproj", "{B7399F4A-5181-439F-87D4-EC9188FFC235}"
EndProject
Project("{F184B08F-C81C-45F6-A57F-5ABD9991F28F}") = "risersoft.app.mxform.books", "..\Books\Framework\risersoft.app.mxform.books\risersoft.app.mxform.books.vbproj", "{AC11BDC5-8644-4C2A-80BB-CEF3C8BB8FE5}"
EndProject
Project("{F184B08F-C81C-45F6-A57F-5ABD9991F28F}") = "risersoft.app.mxform.gst", "..\GST\Framework\risersoft.app.mxform.gst\risersoft.app.mxform.gst.vbproj", "{AA7FA4CE-13DD-4B73-87EF-DC98B6F6D207}"
EndProject
Project("{FAE04EC0-301F-11D3-BF4B-00C04F79EFBC}") = "GSTN.API.Library", "..\GST\Framework\GSTN.API.Library\GSTN.API.Library.csproj", "{B3FC4B26-9C24-43FF-B55F-3B1AE5642050}"
EndProject
Global
	GlobalSection(SolutionConfigurationPlatforms) = preSolution
		Debug|Any CPU = Debug|Any CPU
		Debug2|Any CPU = Debug2|Any CPU
		Release|Any CPU = Release|Any CPU
	EndGlobalSection
	GlobalSection(ProjectConfigurationPlatforms) = postSolution
		{FBA4C657-8ABE-4FCD-88F0-F887364E852E}.Debug|Any CPU.ActiveCfg = Debug|Any CPU
		{FBA4C657-8ABE-4FCD-88F0-F887364E852E}.Debug|Any CPU.Build.0 = Debug|Any CPU
		{FBA4C657-8ABE-4FCD-88F0-F887364E852E}.Debug2|Any CPU.ActiveCfg = Debug2|Any CPU
		{FBA4C657-8ABE-4FCD-88F0-F887364E852E}.Debug2|Any CPU.Build.0 = Debug2|Any CPU
		{FBA4C657-8ABE-4FCD-88F0-F887364E852E}.Release|Any CPU.ActiveCfg = Release|Any CPU
		{FBA4C657-8ABE-4FCD-88F0-F887364E852E}.Release|Any CPU.Build.0 = Release|Any CPU
		{E7406EB0-09EC-43DE-B821-826DA4D6DE9F}.Debug|Any CPU.ActiveCfg = Debug|Any CPU
		{E7406EB0-09EC-43DE-B821-826DA4D6DE9F}.Debug|Any CPU.Build.0 = Debug|Any CPU
		{E7406EB0-09EC-43DE-B821-826DA4D6DE9F}.Debug2|Any CPU.ActiveCfg = Debug2|Any CPU
		{E7406EB0-09EC-43DE-B821-826DA4D6DE9F}.Debug2|Any CPU.Build.0 = Debug2|Any CPU
		{E7406EB0-09EC-43DE-B821-826DA4D6DE9F}.Release|Any CPU.ActiveCfg = Release|Any CPU
		{E7406EB0-09EC-43DE-B821-826DA4D6DE9F}.Release|Any CPU.Build.0 = Release|Any CPU
		{EAD0F160-E15E-49EA-BCF3-CB59398D4010}.Debug|Any CPU.ActiveCfg = Debug|Any CPU
		{EAD0F160-E15E-49EA-BCF3-CB59398D4010}.Debug|Any CPU.Build.0 = Debug|Any CPU
		{EAD0F160-E15E-49EA-BCF3-CB59398D4010}.Debug2|Any CPU.ActiveCfg = Debug2|Any CPU
		{EAD0F160-E15E-49EA-BCF3-CB59398D4010}.Debug2|Any CPU.Build.0 = Debug2|Any CPU
		{EAD0F160-E15E-49EA-BCF3-CB59398D4010}.Release|Any CPU.ActiveCfg = Release|Any CPU
		{EAD0F160-E15E-49EA-BCF3-CB59398D4010}.Release|Any CPU.Build.0 = Release|Any CPU
		{739A0A10-1826-41BA-B66B-3F57E246E9E0}.Debug|Any CPU.ActiveCfg = Debug|Any CPU
		{739A0A10-1826-41BA-B66B-3F57E246E9E0}.Debug|Any CPU.Build.0 = Debug|Any CPU
		{739A0A10-1826-41BA-B66B-3F57E246E9E0}.Debug2|Any CPU.ActiveCfg = Debug2|Any CPU
		{739A0A10-1826-41BA-B66B-3F57E246E9E0}.Debug2|Any CPU.Build.0 = Debug2|Any CPU
		{739A0A10-1826-41BA-B66B-3F57E246E9E0}.Release|Any CPU.ActiveCfg = Release|Any CPU
		{739A0A10-1826-41BA-B66B-3F57E246E9E0}.Release|Any CPU.Build.0 = Release|Any CPU
		{6E72E896-AFCE-497C-95ED-676F43B862F1}.Debug|Any CPU.ActiveCfg = Debug|Any CPU
		{6E72E896-AFCE-497C-95ED-676F43B862F1}.Debug|Any CPU.Build.0 = Debug|Any CPU
		{6E72E896-AFCE-497C-95ED-676F43B862F1}.Debug2|Any CPU.ActiveCfg = Debug2|Any CPU
		{6E72E896-AFCE-497C-95ED-676F43B862F1}.Debug2|Any CPU.Build.0 = Debug2|Any CPU
		{6E72E896-AFCE-497C-95ED-676F43B862F1}.Release|Any CPU.ActiveCfg = Release|Any CPU
		{6E72E896-AFCE-497C-95ED-676F43B862F1}.Release|Any CPU.Build.0 = Release|Any CPU
		{0E5882D2-22B1-4716-99DF-680A77AE3E19}.Debug|Any CPU.ActiveCfg = Debug|Any CPU
		{0E5882D2-22B1-4716-99DF-680A77AE3E19}.Debug|Any CPU.Build.0 = Debug|Any CPU
		{0E5882D2-22B1-4716-99DF-680A77AE3E19}.Debug2|Any CPU.ActiveCfg = Debug2|Any CPU
		{0E5882D2-22B1-4716-99DF-680A77AE3E19}.Debug2|Any CPU.Build.0 = Debug2|Any CPU
		{0E5882D2-22B1-4716-99DF-680A77AE3E19}.Release|Any CPU.ActiveCfg = Release|Any CPU
		{0E5882D2-22B1-4716-99DF-680A77AE3E19}.Release|Any CPU.Build.0 = Release|Any CPU
		{CAD33710-07BC-4C86-AF4C-3A24BA8AB6BA}.Debug|Any CPU.ActiveCfg = Debug|Any CPU
		{CAD33710-07BC-4C86-AF4C-3A24BA8AB6BA}.Debug|Any CPU.Build.0 = Debug|Any CPU
		{CAD33710-07BC-4C86-AF4C-3A24BA8AB6BA}.Debug2|Any CPU.ActiveCfg = Debug2|Any CPU
		{CAD33710-07BC-4C86-AF4C-3A24BA8AB6BA}.Debug2|Any CPU.Build.0 = Debug2|Any CPU
		{CAD33710-07BC-4C86-AF4C-3A24BA8AB6BA}.Release|Any CPU.ActiveCfg = Release|Any CPU
		{CAD33710-07BC-4C86-AF4C-3A24BA8AB6BA}.Release|Any CPU.Build.0 = Release|Any CPU
		{699E2DCC-39A9-43A7-9C6D-D4F5C699EDDD}.Debug|Any CPU.ActiveCfg = Debug|Any CPU
		{699E2DCC-39A9-43A7-9C6D-D4F5C699EDDD}.Debug|Any CPU.Build.0 = Debug|Any CPU
		{699E2DCC-39A9-43A7-9C6D-D4F5C699EDDD}.Debug2|Any CPU.ActiveCfg = Debug2|Any CPU
		{699E2DCC-39A9-43A7-9C6D-D4F5C699EDDD}.Debug2|Any CPU.Build.0 = Debug2|Any CPU
		{699E2DCC-39A9-43A7-9C6D-D4F5C699EDDD}.Release|Any CPU.ActiveCfg = Release|Any CPU
		{699E2DCC-39A9-43A7-9C6D-D4F5C699EDDD}.Release|Any CPU.Build.0 = Release|Any CPU
		{E0CC17DC-880D-47B0-B8F5-1C981F76C662}.Debug|Any CPU.ActiveCfg = Debug|Any CPU
		{E0CC17DC-880D-47B0-B8F5-1C981F76C662}.Debug|Any CPU.Build.0 = Debug|Any CPU
		{E0CC17DC-880D-47B0-B8F5-1C981F76C662}.Debug2|Any CPU.ActiveCfg = Debug2|Any CPU
		{E0CC17DC-880D-47B0-B8F5-1C981F76C662}.Debug2|Any CPU.Build.0 = Debug2|Any CPU
		{E0CC17DC-880D-47B0-B8F5-1C981F76C662}.Release|Any CPU.ActiveCfg = Release|Any CPU
		{E0CC17DC-880D-47B0-B8F5-1C981F76C662}.Release|Any CPU.Build.0 = Release|Any CPU
		{B7399F4A-5181-439F-87D4-EC9188FFC235}.Debug|Any CPU.ActiveCfg = Debug|Any CPU
		{B7399F4A-5181-439F-87D4-EC9188FFC235}.Debug|Any CPU.Build.0 = Debug|Any CPU
		{B7399F4A-5181-439F-87D4-EC9188FFC235}.Debug2|Any CPU.ActiveCfg = Debug2|Any CPU
		{B7399F4A-5181-439F-87D4-EC9188FFC235}.Debug2|Any CPU.Build.0 = Debug2|Any CPU
		{B7399F4A-5181-439F-87D4-EC9188FFC235}.Release|Any CPU.ActiveCfg = Release|Any CPU
		{B7399F4A-5181-439F-87D4-EC9188FFC235}.Release|Any CPU.Build.0 = Release|Any CPU
		{AC11BDC5-8644-4C2A-80BB-CEF3C8BB8FE5}.Debug|Any CPU.ActiveCfg = Debug|Any CPU
		{AC11BDC5-8644-4C2A-80BB-CEF3C8BB8FE5}.Debug|Any CPU.Build.0 = Debug|Any CPU
		{AC11BDC5-8644-4C2A-80BB-CEF3C8BB8FE5}.Debug2|Any CPU.ActiveCfg = Debug2|Any CPU
		{AC11BDC5-8644-4C2A-80BB-CEF3C8BB8FE5}.Debug2|Any CPU.Build.0 = Debug2|Any CPU
		{AC11BDC5-8644-4C2A-80BB-CEF3C8BB8FE5}.Release|Any CPU.ActiveCfg = Release|Any CPU
		{AC11BDC5-8644-4C2A-80BB-CEF3C8BB8FE5}.Release|Any CPU.Build.0 = Release|Any CPU
		{AA7FA4CE-13DD-4B73-87EF-DC98B6F6D207}.Debug|Any CPU.ActiveCfg = Debug|Any CPU
		{AA7FA4CE-13DD-4B73-87EF-DC98B6F6D207}.Debug|Any CPU.Build.0 = Debug|Any CPU
		{AA7FA4CE-13DD-4B73-87EF-DC98B6F6D207}.Debug2|Any CPU.ActiveCfg = Debug2|Any CPU
		{AA7FA4CE-13DD-4B73-87EF-DC98B6F6D207}.Debug2|Any CPU.Build.0 = Debug2|Any CPU
		{AA7FA4CE-13DD-4B73-87EF-DC98B6F6D207}.Release|Any CPU.ActiveCfg = Release|Any CPU
		{AA7FA4CE-13DD-4B73-87EF-DC98B6F6D207}.Release|Any CPU.Build.0 = Release|Any CPU
		{B3FC4B26-9C24-43FF-B55F-3B1AE5642050}.Debug|Any CPU.ActiveCfg = Debug|Any CPU
		{B3FC4B26-9C24-43FF-B55F-3B1AE5642050}.Debug|Any CPU.Build.0 = Debug|Any CPU
		{B3FC4B26-9C24-43FF-B55F-3B1AE5642050}.Debug2|Any CPU.ActiveCfg = Debug2|Any CPU
		{B3FC4B26-9C24-43FF-B55F-3B1AE5642050}.Debug2|Any CPU.Build.0 = Debug2|Any CPU
		{B3FC4B26-9C24-43FF-B55F-3B1AE5642050}.Release|Any CPU.ActiveCfg = Release|Any CPU
		{B3FC4B26-9C24-43FF-B55F-3B1AE5642050}.Release|Any CPU.Build.0 = Release|Any CPU
	EndGlobalSection
	GlobalSection(SolutionProperties) = preSolution
		HideSolutionNode = FALSE
	EndGlobalSection
	GlobalSection(ExtensibilityGlobals) = postSolution
		SolutionGuid = {370BECB9-7C87-4AB5-849C-3AE943B7B6C5}
	EndGlobalSection
	GlobalSection(TeamFoundationVersionControl) = preSolution
		SccNumberOfProjects = 14
		SccEnterpriseProvider = {4CA58AB2-18FA-4F8D-95D4-32DDF27D184C}
		SccTeamFoundationServer = https://rsds.visualstudio.com/
		SccLocalPath0 = .
		SccProjectUniqueName1 = ..\\Auth\\Forms\\risersoft.app.mxform\\risersoft.app.mxform.vbproj
		SccProjectName1 = ../Auth/Forms/risersoft.app.mxform
		SccLocalPath1 = ..\\Auth\\Forms\\risersoft.app.mxform
		SccProjectUniqueName2 = ..\\Auth\\Reports\\risersoft.app.reports.erp\\risersoft.app.reports.erp.vbproj
		SccProjectName2 = ../Auth/Reports/risersoft.app.reports.erp
		SccLocalPath2 = ..\\Auth\\Reports\\risersoft.app.reports.erp
		SccProjectUniqueName3 = ..\\Auth\\Framework\\risersoft.shared.web.mvc\\risersoft.shared.web.mvc.csproj
		SccProjectName3 = ../Auth/Framework/risersoft.shared.web.mvc
		SccLocalPath3 = ..\\Auth\\Framework\\risersoft.shared.web.mvc
		SccProjectUniqueName4 = ..\\Books\\Windows\\risersoft.app.inventory\\risersoft.app.inventory.vbproj
		SccProjectName4 = ../Books/Windows/risersoft.app.inventory
		SccLocalPath4 = ..\\Books\\Windows\\risersoft.app.inventory
		SccProjectUniqueName5 = ..\\Books\\Windows\\risersoft.app.purchase\\risersoft.app.purchase.vbproj
		SccProjectName5 = ../Books/Windows/risersoft.app.purchase
		SccLocalPath5 = ..\\Books\\Windows\\risersoft.app.purchase
		SccProjectUniqueName6 = ..\\Books\\Windows\\risersoft.app.transport\\risersoft.app.transport.vbproj
		SccProjectName6 = ../Books/Windows/risersoft.app.transport
		SccLocalPath6 = ..\\Books\\Windows\\risersoft.app.transport
		SccProjectUniqueName7 = Windows\\risersoft.exe.projects\\_RSProjectsNirvana.vbproj
		SccProjectName7 = Windows/risersoft.exe.projects
		SccLocalPath7 = Windows\\risersoft.exe.projects
		SccProjectUniqueName8 = ..\\Auth\\Windows\\risersoft.app.config\\risersoft.app.config.vbproj
		SccProjectName8 = ../Auth/Windows/risersoft.app.config
		SccLocalPath8 = ..\\Auth\\Windows\\risersoft.app.config
		SccProjectUniqueName9 = Windows\\risersoft.app.projects\\risersoft.app.projects.vbproj
		SccProjectName9 = Windows/risersoft.app.projects
		SccLocalPath9 = Windows\\risersoft.app.projects
		SccProjectUniqueName10 = Framework\\risersoft.app.mxform.prj\\risersoft.app.mxform.prj.vbproj
		SccProjectName10 = Framework/risersoft.app.mxform.prj
		SccLocalPath10 = Framework\\risersoft.app.mxform.prj
		SccProjectUniqueName11 = ..\\Books\\Framework\\risersoft.app.mxform.books\\risersoft.app.mxform.books.vbproj
		SccProjectName11 = ../Books/Framework/risersoft.app.mxform.books
		SccLocalPath11 = ..\\Books\\Framework\\risersoft.app.mxform.books
		SccProjectUniqueName12 = ..\\GST\\Framework\\risersoft.app.mxform.gst\\risersoft.app.mxform.gst.vbproj
		SccProjectName12 = ../GST/Framework/risersoft.app.mxform.gst
		SccLocalPath12 = ..\\GST\\Framework\\risersoft.app.mxform.gst
		SccProjectUniqueName13 = ..\\GST\\Framework\\GSTN.API.Library\\GSTN.API.Library.csproj
		SccProjectName13 = ../GST/Framework/GSTN.API.Library
		SccLocalPath13 = ..\\GST\\Framework\\GSTN.API.Library
	EndGlobalSection
EndGlobal
